<?xml version="1.0" encoding="utf-8"?>
<Project ToolsVersion="4.0" xmlns="http://schemas.microsoft.com/developer/msbuild/2003">
  <ItemGroup>
    <Filter Include="ソース ファイル">
      <UniqueIdentifier>{4FC737F1-C7A5-4376-A066-2A32D752A2FF}</UniqueIdentifier>
      <Extensions>cpp;c;cc;cxx;def;odl;idl;hpj;bat;asm;asmx</Extensions>
    </Filter>
    <Filter Include="ヘッダー ファイル">
      <UniqueIdentifier>{93995380-89BD-4b04-88EB-625FBE52EBFB}</UniqueIdentifier>
      <Extensions>h;hh;hpp;hxx;hm;inl;inc;xsd</Extensions>
    </Filter>
    <Filter Include="リソース ファイル">
      <UniqueIdentifier>{67DA6AB6-F800-4c08-8B7A-83BB121AAD01}</UniqueIdentifier>
      <Extensions>rc;ico;cur;bmp;dlg;rc2;rct;bin;rgs;gif;jpg;jpeg;jpe;resx;tiff;tif;png;wav;mfcribbon-ms</Extensions>
    </Filter>
    <Filter Include="ソース ファイル\mode">
      <UniqueIdentifier>{4d60d284-5655-4cd3-8f2d-05ea552dee6f}</UniqueIdentifier>
    </Filter>
    <Filter Include="ヘッダー ファイル\mode">
      <UniqueIdentifier>{ac1009ab-1183-40da-9cda-a195ba39ff69}</UniqueIdentifier>
    </Filter>
    <Filter Include="ヘッダー ファイル\main">
      <UniqueIdentifier>{e032ad04-9813-4472-baa8-e07c24316e9e}</UniqueIdentifier>
    </Filter>
    <Filter Include="ソース ファイル\main">
      <UniqueIdentifier>{45a1a5aa-cc87-4ac7-87bb-6d3a098650b2}</UniqueIdentifier>
    </Filter>
    <Filter Include="ソース ファイル\mesh">
      <UniqueIdentifier>{8d7752d7-f9b7-4e14-bad4-ffe152795c21}</UniqueIdentifier>
    </Filter>
    <Filter Include="ヘッダー ファイル\mesh">
      <UniqueIdentifier>{4e42f885-dcda-4904-a2c2-807e1131ec63}</UniqueIdentifier>
    </Filter>
    <Filter Include="ソース ファイル\system">
      <UniqueIdentifier>{8743d561-a5b4-4b69-87af-b74012e5c15e}</UniqueIdentifier>
    </Filter>
    <Filter Include="ソース ファイル\UI">
      <UniqueIdentifier>{5b91d6a8-9331-4dab-878d-94f219db7582}</UniqueIdentifier>
    </Filter>
    <Filter Include="ソース ファイル\Map">
      <UniqueIdentifier>{83a80d69-0088-4333-8bc8-4defff01b13f}</UniqueIdentifier>
    </Filter>
    <Filter Include="ヘッダー ファイル\Map">
      <UniqueIdentifier>{42f6bf80-5ea3-4477-b9db-2db8f6df1677}</UniqueIdentifier>
    </Filter>
    <Filter Include="ヘッダー ファイル\system">
      <UniqueIdentifier>{6a50ca22-641b-4cd5-91f6-8d41cf2f8c19}</UniqueIdentifier>
    </Filter>
    <Filter Include="ヘッダー ファイル\UI">
      <UniqueIdentifier>{16657bc2-54c1-4ee5-a2ec-1a3d09c2857a}</UniqueIdentifier>
    </Filter>
  </ItemGroup>
  <ItemGroup>
    <ClCompile Include="game.cpp">
      <Filter>ソース ファイル\mode</Filter>
    </ClCompile>
    <ClCompile Include="result.cpp">
      <Filter>ソース ファイル\mode</Filter>
    </ClCompile>
    <ClCompile Include="title.cpp">
      <Filter>ソース ファイル\mode</Filter>
    </ClCompile>
    <ClCompile Include="enemy.cpp">
      <Filter>ソース ファイル</Filter>
    </ClCompile>
    <ClCompile Include="player.cpp">
      <Filter>ソース ファイル</Filter>
    </ClCompile>
    <ClCompile Include="Effect.cpp">
      <Filter>ソース ファイル</Filter>
    </ClCompile>
    <ClCompile Include="particle.cpp">
      <Filter>ソース ファイル</Filter>
    </ClCompile>
    <ClCompile Include="main.cpp">
      <Filter>ソース ファイル\main</Filter>
    </ClCompile>
    <ClCompile Include="PlayModeSelect.cpp">
      <Filter>ソース ファイル\mode</Filter>
    </ClCompile>
    <ClCompile Include="PlayNumberSelect.cpp">
      <Filter>ソース ファイル\mode</Filter>
    </ClCompile>
    <ClCompile Include="EscapeClearResult.cpp">
      <Filter>ソース ファイル\mode</Filter>
    </ClCompile>
    <ClCompile Include="EscapeOverResult.cpp">
      <Filter>ソース ファイル\mode</Filter>
    </ClCompile>
    <ClCompile Include="VillainResult.cpp">
      <Filter>ソース ファイル\mode</Filter>
    </ClCompile>
    <ClCompile Include="EscapeRanking.cpp">
      <Filter>ソース ファイル\mode</Filter>
    </ClCompile>
    <ClCompile Include="VillainRanking.cpp">
      <Filter>ソース ファイル\mode</Filter>
    </ClCompile>
    <ClCompile Include="meshcylinder.cpp">
      <Filter>ソース ファイル\mesh</Filter>
    </ClCompile>
    <ClCompile Include="meshdome.cpp">
      <Filter>ソース ファイル\mesh</Filter>
    </ClCompile>
    <ClCompile Include="meshwall.cpp">
      <Filter>ソース ファイル\mesh</Filter>
    </ClCompile>
    <ClCompile Include="camera.cpp">
      <Filter>ソース ファイル\system</Filter>
    </ClCompile>
    <ClCompile Include="debugproc.cpp">
      <Filter>ソース ファイル\system</Filter>
    </ClCompile>
    <ClCompile Include="input.cpp">
      <Filter>ソース ファイル\system</Filter>
    </ClCompile>
    <ClCompile Include="keyUI.cpp">
      <Filter>ソース ファイル\UI</Filter>
    </ClCompile>
    <ClCompile Include="NumberUI.cpp">
      <Filter>ソース ファイル\UI</Filter>
    </ClCompile>
    <ClCompile Include="RankingUI.cpp">
      <Filter>ソース ファイル\UI</Filter>
    </ClCompile>
    <ClCompile Include="edit.cpp">
      <Filter>ソース ファイル\Map</Filter>
    </ClCompile>
    <ClCompile Include="Billboard.cpp">
      <Filter>ソース ファイル\Map</Filter>
    </ClCompile>
    <ClCompile Include="playerBG.cpp">
      <Filter>ソース ファイル\Map</Filter>
    </ClCompile>
    <ClCompile Include="Thunder.cpp">
      <Filter>ソース ファイル\Map</Filter>
    </ClCompile>
    <ClCompile Include="object00.cpp">
      <Filter>ソース ファイル\Map</Filter>
    </ClCompile>
    <ClCompile Include="objectBG.cpp">
      <Filter>ソース ファイル\Map</Filter>
    </ClCompile>
    <ClCompile Include="light.cpp">
      <Filter>ソース ファイル\system</Filter>
    </ClCompile>
    <ClCompile Include="Fade.cpp">
      <Filter>ソース ファイル\system</Filter>
    </ClCompile>
    <ClCompile Include="RankingNumber.cpp">
      <Filter>ソース ファイル\UI</Filter>
    </ClCompile>
    <ClCompile Include="life.cpp">
      <Filter>ソース ファイル\UI</Filter>
    </ClCompile>
    <ClCompile Include="time.cpp">
      <Filter>ソース ファイル\UI</Filter>
    </ClCompile>
    <ClCompile Include="score.cpp">
      <Filter>ソース ファイル\UI</Filter>
    </ClCompile>
    <ClCompile Include="field.cpp">
      <Filter>ソース ファイル\Map</Filter>
    </ClCompile>
    <ClCompile Include="stamina.cpp">
      <Filter>ソース ファイル\UI</Filter>
    </ClCompile>
    <ClCompile Include="exit.cpp">
      <Filter>ソース ファイル\Map</Filter>
    </ClCompile>
    <ClCompile Include="stage.cpp">
      <Filter>ソース ファイル\Map</Filter>
    </ClCompile>
    <ClCompile Include="score_item.cpp">
      <Filter>ソース ファイル\Map</Filter>
    </ClCompile>
    <ClCompile Include="key.cpp">
      <Filter>ソース ファイル\Map</Filter>
    </ClCompile>
    <ClCompile Include="SpotLight.cpp">
      <Filter>ソース ファイル\system</Filter>
    </ClCompile>
    <ClCompile Include="Fog.cpp">
      <Filter>ソース ファイル\system</Filter>
    </ClCompile>
    <ClCompile Include="PolygonBG.cpp">
      <Filter>ソース ファイル</Filter>
    </ClCompile>
  </ItemGroup>
  <ItemGroup>
    <ClInclude Include="game.h">
      <Filter>ヘッダー ファイル\mode</Filter>
    </ClInclude>
    <ClInclude Include="result.h">
      <Filter>ヘッダー ファイル\mode</Filter>
    </ClInclude>
    <ClInclude Include="title.h">
      <Filter>ヘッダー ファイル\mode</Filter>
    </ClInclude>
    <ClInclude Include="enemy.h">
      <Filter>ヘッダー ファイル</Filter>
    </ClInclude>
    <ClInclude Include="player.h">
      <Filter>ヘッダー ファイル</Filter>
    </ClInclude>
    <ClInclude Include="Effect.h">
      <Filter>ヘッダー ファイル</Filter>
    </ClInclude>
    <ClInclude Include="particle.h">
      <Filter>ヘッダー ファイル</Filter>
    </ClInclude>
    <ClInclude Include="main.h">
      <Filter>ヘッダー ファイル\main</Filter>
    </ClInclude>
    <ClInclude Include="PlayModeSelect.h">
      <Filter>ヘッダー ファイル\mode</Filter>
    </ClInclude>
    <ClInclude Include="PlayNumberSelect.h">
      <Filter>ヘッダー ファイル\mode</Filter>
    </ClInclude>
    <ClInclude Include="EscapeClearResult.h">
      <Filter>ヘッダー ファイル\mode</Filter>
    </ClInclude>
    <ClInclude Include="EscapeOverResult.h">
      <Filter>ヘッダー ファイル\mode</Filter>
    </ClInclude>
    <ClInclude Include="VillainResult.h">
      <Filter>ヘッダー ファイル\mode</Filter>
    </ClInclude>
    <ClInclude Include="EscapeRanking.h">
      <Filter>ヘッダー ファイル\mode</Filter>
    </ClInclude>
    <ClInclude Include="VillainRanking.h">
      <Filter>ヘッダー ファイル\mode</Filter>
    </ClInclude>
    <ClInclude Include="meshcylinder.h">
      <Filter>ヘッダー ファイル\mesh</Filter>
    </ClInclude>
    <ClInclude Include="meshdome.h">
      <Filter>ヘッダー ファイル\mesh</Filter>
    </ClInclude>
    <ClInclude Include="meshwall.h">
      <Filter>ヘッダー ファイル\mesh</Filter>
    </ClInclude>
    <ClInclude Include="Billboard.h">
      <Filter>ヘッダー ファイル\Map</Filter>
    </ClInclude>
    <ClInclude Include="camera.h">
      <Filter>ヘッダー ファイル\system</Filter>
    </ClInclude>
    <ClInclude Include="debugproc.h">
      <Filter>ヘッダー ファイル\system</Filter>
    </ClInclude>
    <ClInclude Include="edit.h">
      <Filter>ヘッダー ファイル\Map</Filter>
    </ClInclude>
    <ClInclude Include="exit.h">
      <Filter>ヘッダー ファイル\Map</Filter>
    </ClInclude>
    <ClInclude Include="Fade.h">
      <Filter>ヘッダー ファイル\system</Filter>
    </ClInclude>
    <ClInclude Include="field.h">
      <Filter>ヘッダー ファイル\Map</Filter>
    </ClInclude>
    <ClInclude Include="input.h">
      <Filter>ヘッダー ファイル\system</Filter>
    </ClInclude>
    <ClInclude Include="key.h">
      <Filter>ヘッダー ファイル\Map</Filter>
    </ClInclude>
    <ClInclude Include="keyUI.h">
      <Filter>ヘッダー ファイル\UI</Filter>
    </ClInclude>
    <ClInclude Include="life.h">
      <Filter>ヘッダー ファイル\UI</Filter>
    </ClInclude>
    <ClInclude Include="light.h">
      <Filter>ヘッダー ファイル\system</Filter>
    </ClInclude>
    <ClInclude Include="NumberUI.h">
      <Filter>ヘッダー ファイル\UI</Filter>
    </ClInclude>
    <ClInclude Include="object00.h">
      <Filter>ヘッダー ファイル\Map</Filter>
    </ClInclude>
    <ClInclude Include="objectBG.h">
      <Filter>ヘッダー ファイル\Map</Filter>
    </ClInclude>
    <ClInclude Include="playerBG.h">
      <Filter>ヘッダー ファイル\Map</Filter>
    </ClInclude>
    <ClInclude Include="RankingNumber.h">
      <Filter>ヘッダー ファイル\UI</Filter>
    </ClInclude>
    <ClInclude Include="RankingUI.h">
      <Filter>ヘッダー ファイル\UI</Filter>
    </ClInclude>
    <ClInclude Include="score.h">
      <Filter>ヘッダー ファイル\UI</Filter>
    </ClInclude>
    <ClInclude Include="score_item.h">
      <Filter>ヘッダー ファイル\Map</Filter>
    </ClInclude>
    <ClInclude Include="stage.h">
      <Filter>ヘッダー ファイル\Map</Filter>
    </ClInclude>
    <ClInclude Include="stamina.h">
      <Filter>ヘッダー ファイル\UI</Filter>
    </ClInclude>
    <ClInclude Include="time.h">
      <Filter>ヘッダー ファイル\UI</Filter>
    </ClInclude>
    <ClInclude Include="Thunder.h">
      <Filter>ヘッダー ファイル\Map</Filter>
    </ClInclude>
    <ClInclude Include="SpotLight.h">
      <Filter>ヘッダー ファイル\system</Filter>
    </ClInclude>
    <ClInclude Include="fog.h">
      <Filter>ヘッダー ファイル\system</Filter>
    </ClInclude>
    <ClInclude Include="PolygonBG.h">
      <Filter>ヘッダー ファイル</Filter>
    </ClInclude>
  </ItemGroup>
</Project>